
Microsoft Visual Studio Solution File, Format Version 12.00
# Visual Studio Version 16
VisualStudioVersion = 16.0.30225.117
MinimumVisualStudioVersion = 10.0.40219.1
Project("{FAE04EC0-301F-11D3-BF4B-00C04F79EFBC}") = "WebApi", "WebApi\WebApi.csproj", "{390EC223-1BDF-4397-839E-6F9AAF28BCA1}"
EndProject
Global
	GlobalSection(SolutionConfigurationPlatforms) = preSolution
		Debug|Any CPU = Debug|Any CPU
		Release|Any CPU = Release|Any CPU
	EndGlobalSection
	GlobalSection(ProjectConfigurationPlatforms) = postSolution
		{390EC223-1BDF-4397-839E-6F9AAF28BCA1}.Debug|Any CPU.ActiveCfg = Debug|Any CPU
		{390EC223-1BDF-4397-839E-6F9AAF28BCA1}.Debug|Any CPU.Build.0 = Debug|Any CPU
		{390EC223-1BDF-4397-839E-6F9AAF28BCA1}.Release|Any CPU.ActiveCfg = Release|Any CPU
		{390EC223-1BDF-4397-839E-6F9AAF28BCA1}.Release|Any CPU.Build.0 = Release|Any CPU
	EndGlobalSection
	GlobalSection(SolutionProperties) = preSolution
		HideSolutionNode = FALSE
	EndGlobalSection
	GlobalSection(ExtensibilityGlobals) = postSolution
		SolutionGuid = {B1BBFD8A-2664-4BF9-A6BA-D29E2CCFBDFC}
	EndGlobalSection
EndGlobal
